
Microsoft Visual Studio Solution File, Format Version 12.00
# Visual Studio 15
Project("{FAE04EC0-301F-11D3-BF4B-00C04F79EFBC}") = "BestHTTP", "BestHTTP.csproj", "{BFC6936C-BB1A-0799-F232-3B967C05B566}"
EndProject
Project("{FAE04EC0-301F-11D3-BF4B-00C04F79EFBC}") = "Assembly-CSharp", "Assembly-CSharp.csproj", "{12348BEA-1551-BFDF-468D-FE8774FFF354}"
EndProject
Global
	GlobalSection(SolutionConfigurationPlatforms) = preSolution
		Debug|Any CPU = Debug|Any CPU
		Release|Any CPU = Release|Any CPU
	EndGlobalSection
	GlobalSection(ProjectConfigurationPlatforms) = postSolution
		{BFC6936C-BB1A-0799-F232-3B967C05B566}.Debug|Any CPU.ActiveCfg = Debug|Any CPU
		{BFC6936C-BB1A-0799-F232-3B967C05B566}.Debug|Any CPU.Build.0 = Debug|Any CPU
		{BFC6936C-BB1A-0799-F232-3B967C05B566}.Release|Any CPU.ActiveCfg = Release|Any CPU
		{BFC6936C-BB1A-0799-F232-3B967C05B566}.Release|Any CPU.Build.0 = Release|Any CPU
		{12348BEA-1551-BFDF-468D-FE8774FFF354}.Debug|Any CPU.ActiveCfg = Debug|Any CPU
		{12348BEA-1551-BFDF-468D-FE8774FFF354}.Debug|Any CPU.Build.0 = Debug|Any CPU
		{12348BEA-1551-BFDF-468D-FE8774FFF354}.Release|Any CPU.ActiveCfg = Release|Any CPU
		{12348BEA-1551-BFDF-468D-FE8774FFF354}.Release|Any CPU.Build.0 = Release|Any CPU
	EndGlobalSection
	GlobalSection(SolutionProperties) = preSolution
		HideSolutionNode = FALSE
	EndGlobalSection
EndGlobal
